
Microsoft Visual Studio Solution File, Format Version 12.00
# Visual Studio Version 17
VisualStudioVersion = 17.5.002.0
MinimumVisualStudioVersion = 10.0.40219.1
Project("{9A19103F-16F7-4668-BE54-9A1E7A4F7556}") = "solution", "solution.csproj", "{5C31D1F5-8193-4CF4-9EE7-FF703CA8A95D}"
EndProject
Global
	GlobalSection(SolutionConfigurationPlatforms) = preSolution
		Debug|Any CPU = Debug|Any CPU
		Release|Any CPU = Release|Any CPU
	EndGlobalSection
	GlobalSection(ProjectConfigurationPlatforms) = postSolution
		{5C31D1F5-8193-4CF4-9EE7-FF703CA8A95D}.Debug|Any CPU.ActiveCfg = Debug|Any CPU
		{5C31D1F5-8193-4CF4-9EE7-FF703CA8A95D}.Debug|Any CPU.Build.0 = Debug|Any CPU
		{5C31D1F5-8193-4CF4-9EE7-FF703CA8A95D}.Release|Any CPU.ActiveCfg = Release|Any CPU
		{5C31D1F5-8193-4CF4-9EE7-FF703CA8A95D}.Release|Any CPU.Build.0 = Release|Any CPU
	EndGlobalSection
	GlobalSection(SolutionProperties) = preSolution
		HideSolutionNode = FALSE
	EndGlobalSection
	GlobalSection(ExtensibilityGlobals) = postSolution
		SolutionGuid = {A5F56113-51F0-4E04-AEE3-8833B531A153}
	EndGlobalSection
EndGlobal
